
Microsoft Visual Studio Solution File, Format Version 12.00
# Visual Studio Version 16
VisualStudioVersion = 16.0.29709.97
MinimumVisualStudioVersion = 10.0.40219.1
Project("{FAE04EC0-301F-11D3-BF4B-00C04F79EFBC}") = "EFCoreCRUD", "EFCoreCRUD\EFCoreCRUD.csproj", "{0CA8D2DF-63DE-4EB3-AC23-8C7EF94A20FF}"
EndProject
Global
	GlobalSection(SolutionConfigurationPlatforms) = preSolution
		Debug|Any CPU = Debug|Any CPU
		Release|Any CPU = Release|Any CPU
	EndGlobalSection
	GlobalSection(ProjectConfigurationPlatforms) = postSolution
		{0CA8D2DF-63DE-4EB3-AC23-8C7EF94A20FF}.Debug|Any CPU.ActiveCfg = Debug|Any CPU
		{0CA8D2DF-63DE-4EB3-AC23-8C7EF94A20FF}.Debug|Any CPU.Build.0 = Debug|Any CPU
		{0CA8D2DF-63DE-4EB3-AC23-8C7EF94A20FF}.Release|Any CPU.ActiveCfg = Release|Any CPU
		{0CA8D2DF-63DE-4EB3-AC23-8C7EF94A20FF}.Release|Any CPU.Build.0 = Release|Any CPU
	EndGlobalSection
	GlobalSection(SolutionProperties) = preSolution
		HideSolutionNode = FALSE
	EndGlobalSection
	GlobalSection(ExtensibilityGlobals) = postSolution
		SolutionGuid = {3E99BF78-61CD-4A07-9DF3-5FE7EFE428F3}
	EndGlobalSection
EndGlobal
